
Microsoft Visual Studio Solution File, Format Version 12.00
# Visual Studio Version 17
VisualStudioVersion = 17.4.33110.190
MinimumVisualStudioVersion = 10.0.40219.1
Project("{FAE04EC0-301F-11D3-BF4B-00C04F79EFBC}") = "PokemonReviewApp", "PokemonReviewApp\PokemonReviewApp.csproj", "{B05BF08B-1B9E-4275-B7F1-C89597B6149D}"
EndProject
Global
	GlobalSection(SolutionConfigurationPlatforms) = preSolution
		Debug|Any CPU = Debug|Any CPU
		Release|Any CPU = Release|Any CPU
	EndGlobalSection
	GlobalSection(ProjectConfigurationPlatforms) = postSolution
		{B05BF08B-1B9E-4275-B7F1-C89597B6149D}.Debug|Any CPU.ActiveCfg = Debug|Any CPU
		{B05BF08B-1B9E-4275-B7F1-C89597B6149D}.Debug|Any CPU.Build.0 = Debug|Any CPU
		{B05BF08B-1B9E-4275-B7F1-C89597B6149D}.Release|Any CPU.ActiveCfg = Release|Any CPU
		{B05BF08B-1B9E-4275-B7F1-C89597B6149D}.Release|Any CPU.Build.0 = Release|Any CPU
	EndGlobalSection
	GlobalSection(SolutionProperties) = preSolution
		HideSolutionNode = FALSE
	EndGlobalSection
	GlobalSection(ExtensibilityGlobals) = postSolution
		SolutionGuid = {5024C04F-696E-4D4F-939E-5FC426AD3DCA}
	EndGlobalSection
EndGlobal
